
Microsoft Visual Studio Solution File, Format Version 12.00
# Visual Studio 15
VisualStudioVersion = 15.0.27703.2042
MinimumVisualStudioVersion = 10.0.40219.1
Project("{FAE04EC0-301F-11D3-BF4B-00C04F79EFBC}") = "PizzaStore.Library", "PizzaStore.Library\PizzaStore.Library.csproj", "{E19CCA6E-7656-4446-B108-A6DE8212ED19}"
EndProject
Global
	GlobalSection(SolutionConfigurationPlatforms) = preSolution
		Debug|Any CPU = Debug|Any CPU
		Release|Any CPU = Release|Any CPU
	EndGlobalSection
	GlobalSection(ProjectConfigurationPlatforms) = postSolution
		{E19CCA6E-7656-4446-B108-A6DE8212ED19}.Debug|Any CPU.ActiveCfg = Debug|Any CPU
		{E19CCA6E-7656-4446-B108-A6DE8212ED19}.Debug|Any CPU.Build.0 = Debug|Any CPU
		{E19CCA6E-7656-4446-B108-A6DE8212ED19}.Release|Any CPU.ActiveCfg = Release|Any CPU
		{E19CCA6E-7656-4446-B108-A6DE8212ED19}.Release|Any CPU.Build.0 = Release|Any CPU
	EndGlobalSection
	GlobalSection(SolutionProperties) = preSolution
		HideSolutionNode = FALSE
	EndGlobalSection
	GlobalSection(ExtensibilityGlobals) = postSolution
		SolutionGuid = {A995615A-9960-4B60-8B8F-1D44B3B67C8D}
	EndGlobalSection
EndGlobal
